
Microsoft Visual Studio Solution File, Format Version 12.00
# Visual Studio Version 17
VisualStudioVersion = 17.14.36121.58 d17.14
MinimumVisualStudioVersion = 10.0.40219.1
Project("{FAE04EC0-301F-11D3-BF4B-00C04F79EFBC}") = "Ejercicio10", "Ejercicio10\Ejercicio10.csproj", "{8AA47CE1-6B25-44F2-B427-7C26BFA6C9CA}"
EndProject
Global
	GlobalSection(SolutionConfigurationPlatforms) = preSolution
		Debug|Any CPU = Debug|Any CPU
		Release|Any CPU = Release|Any CPU
	EndGlobalSection
	GlobalSection(ProjectConfigurationPlatforms) = postSolution
		{8AA47CE1-6B25-44F2-B427-7C26BFA6C9CA}.Debug|Any CPU.ActiveCfg = Debug|Any CPU
		{8AA47CE1-6B25-44F2-B427-7C26BFA6C9CA}.Debug|Any CPU.Build.0 = Debug|Any CPU
		{8AA47CE1-6B25-44F2-B427-7C26BFA6C9CA}.Release|Any CPU.ActiveCfg = Release|Any CPU
		{8AA47CE1-6B25-44F2-B427-7C26BFA6C9CA}.Release|Any CPU.Build.0 = Release|Any CPU
	EndGlobalSection
	GlobalSection(SolutionProperties) = preSolution
		HideSolutionNode = FALSE
	EndGlobalSection
	GlobalSection(ExtensibilityGlobals) = postSolution
		SolutionGuid = {F9985D61-C747-412B-8EDC-F9003171F544}
	EndGlobalSection
EndGlobal
